
Microsoft Visual Studio Solution File, Format Version 12.00
# Visual Studio Version 17
VisualStudioVersion = 17.14.36915.13 d17.14
MinimumVisualStudioVersion = 10.0.40219.1
Project("{FAE04EC0-301F-11D3-BF4B-00C04F79EFBC}") = "SpectreKickBox", "SpectreKickBox.csproj", "{B67235B0-87F1-4ADD-8D72-5AF5BE85C8C0}"
EndProject
Global
	GlobalSection(SolutionConfigurationPlatforms) = preSolution
		Debug|Any CPU = Debug|Any CPU
		Release|Any CPU = Release|Any CPU
	EndGlobalSection
	GlobalSection(ProjectConfigurationPlatforms) = postSolution
		{B67235B0-87F1-4ADD-8D72-5AF5BE85C8C0}.Debug|Any CPU.ActiveCfg = Debug|Any CPU
		{B67235B0-87F1-4ADD-8D72-5AF5BE85C8C0}.Debug|Any CPU.Build.0 = Debug|Any CPU
		{B67235B0-87F1-4ADD-8D72-5AF5BE85C8C0}.Release|Any CPU.ActiveCfg = Release|Any CPU
		{B67235B0-87F1-4ADD-8D72-5AF5BE85C8C0}.Release|Any CPU.Build.0 = Release|Any CPU
	EndGlobalSection
	GlobalSection(SolutionProperties) = preSolution
		HideSolutionNode = FALSE
	EndGlobalSection
	GlobalSection(ExtensibilityGlobals) = postSolution
		SolutionGuid = {3880304C-CE81-42F2-B1E7-E3FC5FD7209E}
	EndGlobalSection
EndGlobal
